
Microsoft Visual Studio Solution File, Format Version 12.00
# Visual Studio Version 17
VisualStudioVersion = 17.2.32516.85
MinimumVisualStudioVersion = 10.0.40219.1
Project("{FAE04EC0-301F-11D3-BF4B-00C04F79EFBC}") = "Day56Demo", "Day56Demo\Day56Demo.csproj", "{D9F84295-DA2C-4656-97B4-58B63103967F}"
EndProject
Global
	GlobalSection(SolutionConfigurationPlatforms) = preSolution
		Debug|Any CPU = Debug|Any CPU
		Release|Any CPU = Release|Any CPU
	EndGlobalSection
	GlobalSection(ProjectConfigurationPlatforms) = postSolution
		{D9F84295-DA2C-4656-97B4-58B63103967F}.Debug|Any CPU.ActiveCfg = Debug|Any CPU
		{D9F84295-DA2C-4656-97B4-58B63103967F}.Debug|Any CPU.Build.0 = Debug|Any CPU
		{D9F84295-DA2C-4656-97B4-58B63103967F}.Release|Any CPU.ActiveCfg = Release|Any CPU
		{D9F84295-DA2C-4656-97B4-58B63103967F}.Release|Any CPU.Build.0 = Release|Any CPU
	EndGlobalSection
	GlobalSection(SolutionProperties) = preSolution
		HideSolutionNode = FALSE
	EndGlobalSection
	GlobalSection(ExtensibilityGlobals) = postSolution
		SolutionGuid = {60A3975D-B4C0-49D6-B1A8-BDF8EDBBF374}
	EndGlobalSection
EndGlobal
